# Code generated by scarb DO NOT EDIT.
version = 1

[[package]]
name = "ekubo"
version = "0.1.0"
source = "git+https://github.com/EkuboProtocol/starknet-contracts?rev=8b4de8b5701d10b101c06b786740bf45b6cf15cb#8b4de8b5701d10b101c06b786740bf45b6cf15cb"

[[package]]
name = "ekubo_swap_helper"
version = "0.1.0"
dependencies = [
 "ekubo",
 "openzeppelin",
 "privacy",
 "snforge_std",
 "starkware_utils",
 "starkware_utils_testing",
]

[[package]]
name = "openzeppelin"
version = "3.0.0"
source = "registry+https://scarbs.xyz/"
checksum = "sha256:ded6f53e0b50a3583f72c556d9ca508e627d175c6f01a2f5124f2e9a052ac985"
dependencies = [
 "openzeppelin_access",
 "openzeppelin_account",
 "openzeppelin_finance",
 "openzeppelin_governance",
 "openzeppelin_interfaces",
 "openzeppelin_introspection",
 "openzeppelin_merkle_tree",
 "openzeppelin_presets",
 "openzeppelin_security",
 "openzeppelin_token",
 "openzeppelin_upgrades",
 "openzeppelin_utils",
]

[[package]]
name = "openzeppelin_access"
version = "3.0.0"
source = "registry+https://scarbs.xyz/"
checksum = "sha256:2c7fab22d2601fca4f456c81272637f2563a423652d1671383bbe3d007803977"
dependencies = [
 "openzeppelin_interfaces",
 "openzeppelin_introspection",
]

[[package]]
name = "openzeppelin_account"
version = "3.0.0"
source = "registry+https://scarbs.xyz/"
checksum = "sha256:b46f41be21fff6692d32949664d2f0dd1919c741346a676d6e0f1fe2ea576999"
dependencies = [
 "openzeppelin_interfaces",
 "openzeppelin_introspection",
 "openzeppelin_utils",
]

[[package]]
name = "openzeppelin_finance"
version = "3.0.0"
source = "registry+https://scarbs.xyz/"
checksum = "sha256:f77f4f5262666d8033f16b3a7df839ed2abb699a09ad33099c7bb6bf2807fec1"
dependencies = [
 "openzeppelin_access",
 "openzeppelin_interfaces",
 "openzeppelin_token",
]

[[package]]
name = "openzeppelin_governance"
version = "3.0.0"
source = "registry+https://scarbs.xyz/"
checksum = "sha256:b76c87f72b1481a62e3c6904a9a3da5cfc4de8b5a86a4742de30f1e2984c7e2b"
dependencies = [
 "openzeppelin_access",
 "openzeppelin_interfaces",
 "openzeppelin_introspection",
 "openzeppelin_token",
 "openzeppelin_utils",
]

[[package]]
name = "openzeppelin_interfaces"
version = "2.1.0"
source = "registry+https://scarbs.xyz/"
checksum = "sha256:f69fdb36eb894a0e0732385e723c5ff56d8cb4c1d49b29446c77eefac00b02a5"

[[package]]
name = "openzeppelin_introspection"
version = "3.0.0"
source = "registry+https://scarbs.xyz/"
checksum = "sha256:ee491981a69736cde220f8b7dd290b6d8620c85ee6b83c81f665f5bef78b62b1"
dependencies = [
 "openzeppelin_interfaces",
]

[[package]]
name = "openzeppelin_merkle_tree"
version = "3.0.0"
source = "registry+https://scarbs.xyz/"
checksum = "sha256:3417680a1f672bd6cfb54962481f6b96d72f6510be2658d17c8356709b5c950a"

[[package]]
name = "openzeppelin_presets"
version = "3.0.0"
source = "registry+https://scarbs.xyz/"
checksum = "sha256:1facc433476df1c36ecb33e3a10b6a5fb219c670c437b43696788843fbc0bc25"
dependencies = [
 "openzeppelin_access",
 "openzeppelin_account",
 "openzeppelin_finance",
 "openzeppelin_interfaces",
 "openzeppelin_introspection",
 "openzeppelin_token",
 "openzeppelin_upgrades",
 "openzeppelin_utils",
]

[[package]]
name = "openzeppelin_security"
version = "3.0.0"
source = "registry+https://scarbs.xyz/"
checksum = "sha256:470f2debae50e03f1435874bc697a0825c257edcad4d1a0cc134e40360e6aba8"
dependencies = [
 "openzeppelin_interfaces",
]

[[package]]
name = "openzeppelin_token"
version = "3.0.0"
source = "registry+https://scarbs.xyz/"
checksum = "sha256:5ce19d297251d9f11acc38a3e3e2faeb2e73b003c8de2f02c7c5d06d9161a5fc"
dependencies = [
 "openzeppelin_access",
 "openzeppelin_interfaces",
 "openzeppelin_introspection",
 "openzeppelin_utils",
]

[[package]]
name = "openzeppelin_upgrades"
version = "3.0.0"
source = "registry+https://scarbs.xyz/"
checksum = "sha256:1b148d5da1ae90a056b455e8865260423c5491a82777377abfdc68fd8e7d0675"

[[package]]
name = "openzeppelin_utils"
version = "2.1.0"
source = "registry+https://scarbs.xyz/"
checksum = "sha256:4d5504fef1c5a6d9fee6a3ae392004a4a24b4b3ccb790c5e5217da96beb73e08"
dependencies = [
 "openzeppelin_interfaces",
]

[[package]]
name = "privacy"
version = "0.1.0"
dependencies = [
 "ekubo",
 "ekubo_swap_helper",
 "openzeppelin",
 "snforge_std",
 "starkware_utils",
 "starkware_utils_testing",
 "vesu_lending_helper",
]

[[package]]
name = "snforge_scarb_plugin"
version = "0.55.0+nightly-2026-02-03"
source = "registry+https://scarbs.dev/"
checksum = "sha256:b046fee1fe2e0d4463eadea6dcd04175649c92754302f2f06c23fef581fe8f29"

[[package]]
name = "snforge_std"
version = "0.55.0+nightly-2026-02-03"
source = "registry+https://scarbs.dev/"
checksum = "sha256:3e5efb24f7d8b28713eee6d9e0f3476fb2aba2e19ffde21a109f72cc751afff6"
dependencies = [
 "snforge_scarb_plugin",
]

[[package]]
name = "starkware_utils"
version = "1.0.0"
source = "git+https://github.com/starkware-libs/starkware-starknet-utils?rev=0e12df09afe29f59a877a5b04801fedd8b31c50d#0e12df09afe29f59a877a5b04801fedd8b31c50d"
dependencies = [
 "openzeppelin",
]

[[package]]
name = "starkware_utils_testing"
version = "1.0.0"
source = "git+https://github.com/starkware-libs/starkware-starknet-utils?rev=0e12df09afe29f59a877a5b04801fedd8b31c50d#0e12df09afe29f59a877a5b04801fedd8b31c50d"
dependencies = [
 "openzeppelin",
 "snforge_std",
 "starkware_utils",
]

[[package]]
name = "vesu_lending_helper"
version = "0.1.0"
dependencies = [
 "openzeppelin",
 "privacy",
 "snforge_std",
 "starkware_utils",
 "starkware_utils_testing",
]
